
Microsoft Visual Studio Solution File, Format Version 12.00
# Visual Studio Version 17
VisualStudioVersion = 17.0.31912.275
MinimumVisualStudioVersion = 10.0.40219.1
Project("{9A19103F-16F7-4668-BE54-9A1E7A4F7556}") = "EEConfig", "EEConfig\EEConfig.csproj", "{9F71C14C-C114-43D6-81BA-7465CAB7242C}"
EndProject
Global
	GlobalSection(SolutionConfigurationPlatforms) = preSolution
		Debug|Any CPU = Debug|Any CPU
		Release|Any CPU = Release|Any CPU
	EndGlobalSection
	GlobalSection(ProjectConfigurationPlatforms) = postSolution
		{9F71C14C-C114-43D6-81BA-7465CAB7242C}.Debug|Any CPU.ActiveCfg = Debug|Any CPU
		{9F71C14C-C114-43D6-81BA-7465CAB7242C}.Debug|Any CPU.Build.0 = Debug|Any CPU
		{9F71C14C-C114-43D6-81BA-7465CAB7242C}.Release|Any CPU.ActiveCfg = Release|Any CPU
		{9F71C14C-C114-43D6-81BA-7465CAB7242C}.Release|Any CPU.Build.0 = Release|Any CPU
	EndGlobalSection
	GlobalSection(SolutionProperties) = preSolution
		HideSolutionNode = FALSE
	EndGlobalSection
	GlobalSection(ExtensibilityGlobals) = postSolution
		SolutionGuid = {E17E974B-707F-43D4-8968-B8A4A14FAF55}
	EndGlobalSection
EndGlobal
